// !$*UTF8*$!
{
	archiveVersion = 1;
	classes = {
	};
	objectVersion = 50;
	objects = {

/* Begin PBXBuildFile section */
		1310C00326826A5D00B66E02 /* AppDelegate.m in Sources */ = {isa = PBXBuildFile; fileRef = 1310C00226826A5D00B66E02 /* AppDelegate.m */; };
		1310C00626826A5D00B66E02 /* SceneDelegate.m in Sources */ = {isa = PBXBuildFile; fileRef = 1310C00526826A5D00B66E02 /* SceneDelegate.m */; };
		1310C00C26826A5D00B66E02 /* Main.storyboard in Resources */ = {isa = PBXBuildFile; fileRef = 1310C00A26826A5D00B66E02 /* Main.storyboard */; };
		1310C00E26826A5E00B66E02 /* Assets.xcassets in Resources */ = {isa = PBXBuildFile; fileRef = 1310C00D26826A5E00B66E02 /* Assets.xcassets */; };
		1310C01126826A5E00B66E02 /* LaunchScreen.storyboard in Resources */ = {isa = PBXBuildFile; fileRef = 1310C00F26826A5E00B66E02 /* LaunchScreen.storyboard */; };
		1310C01426826A5E00B66E02 /* main.m in Sources */ = {isa = PBXBuildFile; fileRef = 1310C01326826A5E00B66E02 /* main.m */; };
		1310C01E26826A5F00B66E02 /* TipTokTests.m in Sources */ = {isa = PBXBuildFile; fileRef = 1310C01D26826A5F00B66E02 /* TipTokTests.m */; };
		1310C02926826A5F00B66E02 /* TipTokUITests.m in Sources */ = {isa = PBXBuildFile; fileRef = 1310C02826826A5F00B66E02 /* TipTokUITests.m */; };
		1310C0382682724B00B66E02 /* TipViewController.m in Sources */ = {isa = PBXBuildFile; fileRef = 1310C0372682724B00B66E02 /* TipViewController.m */; };
/* End PBXBuildFile section */

/* Begin PBXContainerItemProxy section */
		1310C01A26826A5F00B66E02 /* PBXContainerItemProxy */ = {
			isa = PBXContainerItemProxy;
			containerPortal = 1310BFF626826A5D00B66E02 /* Project object */;
			proxyType = 1;
			remoteGlobalIDString = 1310BFFD26826A5D00B66E02;
			remoteInfo = TipTok;
		};
		1310C02526826A5F00B66E02 /* PBXContainerItemProxy */ = {
			isa = PBXContainerItemProxy;
			containerPortal = 1310BFF626826A5D00B66E02 /* Project object */;
			proxyType = 1;
			remoteGlobalIDString = 1310BFFD26826A5D00B66E02;
			remoteInfo = TipTok;
		};
/* End PBXContainerItemProxy section */

/* Begin PBXFileReference section */
		1310BFFE26826A5D00B66E02 /* TipTok.app */ = {isa = PBXFileReference; explicitFileType = wrapper.application; includeInIndex = 0; path = TipTok.app; sourceTree = BUILT_PRODUCTS_DIR; };
		1310C00126826A5D00B66E02 /* AppDelegate.h */ = {isa = PBXFileReference; lastKnownFileType = sourcecode.c.h; path = AppDelegate.h; sourceTree = "<group>"; };
		1310C00226826A5D00B66E02 /* AppDelegate.m */ = {isa = PBXFileReference; lastKnownFileType = sourcecode.c.objc; path = AppDelegate.m; sourceTree = "<group>"; };
		1310C00426826A5D00B66E02 /* SceneDelegate.h */ = {isa = PBXFileReference; lastKnownFileType = sourcecode.c.h; path = SceneDelegate.h; sourceTree = "<group>"; };
		1310C00526826A5D00B66E02 /* SceneDelegate.m */ = {isa = PBXFileReference; lastKnownFileType = sourcecode.c.objc; path = SceneDelegate.m; sourceTree = "<group>"; };
		1310C00B26826A5D00B66E02 /* Base */ = {isa = PBXFileReference; lastKnownFileType = file.storyboard; name = Base; path = Base.lproj/Main.storyboard; sourceTree = "<group>"; };
		1310C00D26826A5E00B66E02 /* Assets.xcassets */ = {isa = PBXFileReference; lastKnownFileType = folder.assetcatalog; path = Assets.xcassets; sourceTree = "<group>"; };
		1310C01026826A5E00B66E02 /* Base */ = {isa = PBXFileReference; lastKnownFileType = file.storyboard; name = Base; path = Base.lproj/LaunchScreen.storyboard; sourceTree = "<group>"; };
		1310C01226826A5E00B66E02 /* Info.plist */ = {isa = PBXFileReference; lastKnownFileType = text.plist.xml; path = Info.plist; sourceTree = "<group>"; };
		1310C01326826A5E00B66E02 /* main.m */ = {isa = PBXFileReference; lastKnownFileType = sourcecode.c.objc; path = main.m; sourceTree = "<group>"; };
		1310C01926826A5F00B66E02 /* TipTokTests.xctest */ = {isa = PBXFileReference; explicitFileType = wrapper.cfbundle; includeInIndex = 0; path = TipTokTests.xctest; sourceTree = BUILT_PRODUCTS_DIR; };
		1310C01D26826A5F00B66E02 /* TipTokTests.m */ = {isa = PBXFileReference; lastKnownFileType = sourcecode.c.objc; path = TipTokTests.m; sourceTree = "<group>"; };
		1310C01F26826A5F00B66E02 /* Info.plist */ = {isa = PBXFileReference; lastKnownFileType = text.plist.xml; path = Info.plist; sourceTree = "<group>"; };
		1310C02426826A5F00B66E02 /* TipTokUITests.xctest */ = {isa = PBXFileReference; explicitFileType = wrapper.cfbundle; includeInIndex = 0; path = TipTokUITests.xctest; sourceTree = BUILT_PRODUCTS_DIR; };
		1310C02826826A5F00B66E02 /* TipTokUITests.m */ = {isa = PBXFileReference; lastKnownFileType = sourcecode.c.objc; path = TipTokUITests.m; sourceTree = "<group>"; };
		1310C02A26826A5F00B66E02 /* Info.plist */ = {isa = PBXFileReference; lastKnownFileType = text.plist.xml; path = Info.plist; sourceTree = "<group>"; };
		1310C0362682724B00B66E02 /* TipViewController.h */ = {isa = PBXFileReference; lastKnownFileType = sourcecode.c.h; path = TipViewController.h; sourceTree = "<group>"; };
		1310C0372682724B00B66E02 /* TipViewController.m */ = {isa = PBXFileReference; lastKnownFileType = sourcecode.c.objc; path = TipViewController.m; sourceTree = "<group>"; };
/* End PBXFileReference section */

/* Begin PBXFrameworksBuildPhase section */
		1310BFFB26826A5D00B66E02 /* Frameworks */ = {
			isa = PBXFrameworksBuildPhase;
			buildActionMask = 2147483647;
			files = (
			);
			runOnlyForDeploymentPostprocessing = 0;
		};
		1310C01626826A5F00B66E02 /* Frameworks */ = {
			isa = PBXFrameworksBuildPhase;
			buildActionMask = 2147483647;
			files = (
			);
			runOnlyForDeploymentPostprocessing = 0;
		};
		1310C02126826A5F00B66E02 /* Frameworks */ = {
			isa = PBXFrameworksBuildPhase;
			buildActionMask = 2147483647;
			files = (
			);
			runOnlyForDeploymentPostprocessing = 0;
		};
/* End PBXFrameworksBuildPhase section */

/* Begin PBXGroup section */
		1310BFF526826A5D00B66E02 = {
			isa = PBXGroup;
			children = (
				1310C00026826A5D00B66E02 /* TipTok */,
				1310C01C26826A5F00B66E02 /* TipTokTests */,
				1310C02726826A5F00B66E02 /* TipTokUITests */,
				1310BFFF26826A5D00B66E02 /* Products */,
			);
			sourceTree = "<group>";
		};
		1310BFFF26826A5D00B66E02 /* Products */ = {
			isa = PBXGroup;
			children = (
				1310BFFE26826A5D00B66E02 /* TipTok.app */,
				1310C01926826A5F00B66E02 /* TipTokTests.xctest */,
				1310C02426826A5F00B66E02 /* TipTokUITests.xctest */,
			);
			name = Products;
			sourceTree = "<group>";
		};
		1310C00026826A5D00B66E02 /* TipTok */ = {
			isa = PBXGroup;
			children = (
				1310C00126826A5D00B66E02 /* AppDelegate.h */,
				1310C00226826A5D00B66E02 /* AppDelegate.m */,
				1310C00426826A5D00B66E02 /* SceneDelegate.h */,
				1310C00526826A5D00B66E02 /* SceneDelegate.m */,
				1310C00A26826A5D00B66E02 /* Main.storyboard */,
				1310C0362682724B00B66E02 /* TipViewController.h */,
				1310C0372682724B00B66E02 /* TipViewController.m */,
				1310C00D26826A5E00B66E02 /* Assets.xcassets */,
				1310C00F26826A5E00B66E02 /* LaunchScreen.storyboard */,
				1310C01226826A5E00B66E02 /* Info.plist */,
				1310C01326826A5E00B66E02 /* main.m */,
			);
			path = TipTok;
			sourceTree = "<group>";
		};
		1310C01C26826A5F00B66E02 /* TipTokTests */ = {
			isa = PBXGroup;
			children = (
				1310C01D26826A5F00B66E02 /* TipTokTests.m */,
				1310C01F26826A5F00B66E02 /* Info.plist */,
			);
			path = TipTokTests;
			sourceTree = "<group>";
		};
		1310C02726826A5F00B66E02 /* TipTokUITests */ = {
			isa = PBXGroup;
			children = (
				1310C02826826A5F00B66E02 /* TipTokUITests.m */,
				1310C02A26826A5F00B66E02 /* Info.plist */,
			);
			path = TipTokUITests;
			sourceTree = "<group>";
		};
/* End PBXGroup section */

/* Begin PBXNativeTarget section */
		1310BFFD26826A5D00B66E02 /* TipTok */ = {
			isa = PBXNativeTarget;
			buildConfigurationList = 1310C02D26826A5F00B66E02 /* Build configuration list for PBXNativeTarget "TipTok" */;
			buildPhases = (
				1310BFFA26826A5D00B66E02 /* Sources */,
				1310BFFB26826A5D00B66E02 /* Frameworks */,
				1310BFFC26826A5D00B66E02 /* Resources */,
			);
			buildRules = (
			);
			dependencies = (
			);
			name = TipTok;
			productName = TipTok;
			productReference = 1310BFFE26826A5D00B66E02 /* TipTok.app */;
			productType = "com.apple.product-type.application";
		};
		1310C01826826A5F00B66E02 /* TipTokTests */ = {
			isa = PBXNativeTarget;
			buildConfigurationList = 1310C03026826A5F00B66E02 /* Build configuration list for PBXNativeTarget "TipTokTests" */;
			buildPhases = (
				1310C01526826A5F00B66E02 /* Sources */,
				1310C01626826A5F00B66E02 /* Frameworks */,
				1310C01726826A5F00B66E02 /* Resources */,
			);
			buildRules = (
			);
			dependencies = (
				1310C01B26826A5F00B66E02 /* PBXTargetDependency */,
			);
			name = TipTokTests;
			productName = TipTokTests;
			productReference = 1310C01926826A5F00B66E02 /* TipTokTests.xctest */;
			productType = "com.apple.product-type.bundle.unit-test";
		};
		1310C02326826A5F00B66E02 /* TipTokUITests */ = {
			isa = PBXNativeTarget;
			buildConfigurationList = 1310C03326826A5F00B66E02 /* Build configuration list for PBXNativeTarget "TipTokUITests" */;
			buildPhases = (
				1310C02026826A5F00B66E02 /* Sources */,
				1310C02126826A5F00B66E02 /* Frameworks */,
				1310C02226826A5F00B66E02 /* Resources */,
			);
			buildRules = (
			);
			dependencies = (
				1310C02626826A5F00B66E02 /* PBXTargetDependency */,
			);
			name = TipTokUITests;
			productName = TipTokUITests;
			productReference = 1310C02426826A5F00B66E02 /* TipTokUITests.xctest */;
			productType = "com.apple.product-type.bundle.ui-testing";
		};
/* End PBXNativeTarget section */

/* Begin PBXProject section */
		1310BFF626826A5D00B66E02 /* Project object */ = {
			isa = PBXProject;
			attributes = {
				LastUpgradeCheck = 1250;
				TargetAttributes = {
					1310BFFD26826A5D00B66E02 = {
						CreatedOnToolsVersion = 12.5.1;
					};
					1310C01826826A5F00B66E02 = {
						CreatedOnToolsVersion = 12.5.1;
						TestTargetID = 1310BFFD26826A5D00B66E02;
					};
					1310C02326826A5F00B66E02 = {
						CreatedOnToolsVersion = 12.5.1;
						TestTargetID = 1310BFFD26826A5D00B66E02;
					};
				};
			};
			buildConfigurationList = 1310BFF926826A5D00B66E02 /* Build configuration list for PBXProject "TipTok" */;
			compatibilityVersion = "Xcode 9.3";
			developmentRegion = en;
			hasScannedForEncodings = 0;
			knownRegions = (
				en,
				Base,
			);
			mainGroup = 1310BFF526826A5D00B66E02;
			productRefGroup = 1310BFFF26826A5D00B66E02 /* Products */;
			projectDirPath = "";
			projectRoot = "";
			targets = (
				1310BFFD26826A5D00B66E02 /* TipTok */,
				1310C01826826A5F00B66E02 /* TipTokTests */,
				1310C02326826A5F00B66E02 /* TipTokUITests */,
			);
		};
/* End PBXProject section */

/* Begin PBXResourcesBuildPhase section */
		1310BFFC26826A5D00B66E02 /* Resources */ = {
			isa = PBXResourcesBuildPhase;
			buildActionMask = 2147483647;
			files = (
				1310C01126826A5E00B66E02 /* LaunchScreen.storyboard in Resources */,
				1310C00E26826A5E00B66E02 /* Assets.xcassets in Resources */,
				1310C00C26826A5D00B66E02 /* Main.storyboard in Resources */,
			);
			runOnlyForDeploymentPostprocessing = 0;
		};
		1310C01726826A5F00B66E02 /* Resources */ = {
			isa = PBXResourcesBuildPhase;
			buildActionMask = 2147483647;
			files = (
			);
			runOnlyForDeploymentPostprocessing = 0;
		};
		1310C02226826A5F00B66E02 /* Resources */ = {
			isa = PBXResourcesBuildPhase;
			buildActionMask = 2147483647;
			files = (
			);
			runOnlyForDeploymentPostprocessing = 0;
		};
/* End PBXResourcesBuildPhase section */

/* Begin PBXSourcesBuildPhase section */
		1310BFFA26826A5D00B66E02 /* Sources */ = {
			isa = PBXSourcesBuildPhase;
			buildActionMask = 2147483647;
			files = (
				1310C00326826A5D00B66E02 /* AppDelegate.m in Sources */,
				1310C01426826A5E00B66E02 /* main.m in Sources */,
				1310C0382682724B00B66E02 /* TipViewController.m in Sources */,
				1310C00626826A5D00B66E02 /* SceneDelegate.m in Sources */,
			);
			runOnlyForDeploymentPostprocessing = 0;
		};
		1310C01526826A5F00B66E02 /* Sources */ = {
			isa = PBXSourcesBuildPhase;
			buildActionMask = 2147483647;
			files = (
				1310C01E26826A5F00B66E02 /* TipTokTests.m in Sources */,
			);
			runOnlyForDeploymentPostprocessing = 0;
		};
		1310C02026826A5F00B66E02 /* Sources */ = {
			isa = PBXSourcesBuildPhase;
			buildActionMask = 2147483647;
			files = (
				1310C02926826A5F00B66E02 /* TipTokUITests.m in Sources */,
			);
			runOnlyForDeploymentPostprocessing = 0;
		};
/* End PBXSourcesBuildPhase section */

/* Begin PBXTargetDependency section */
		1310C01B26826A5F00B66E02 /* PBXTargetDependency */ = {
			isa = PBXTargetDependency;
			target = 1310BFFD26826A5D00B66E02 /* TipTok */;
			targetProxy = 1310C01A26826A5F00B66E02 /* PBXContainerItemProxy */;
		};
		1310C02626826A5F00B66E02 /* PBXTargetDependency */ = {
			isa = PBXTargetDependency;
			target = 1310BFFD26826A5D00B66E02 /* TipTok */;
			targetProxy = 1310C02526826A5F00B66E02 /* PBXContainerItemProxy */;
		};
/* End PBXTargetDependency section */

/* Begin PBXVariantGroup section */
		1310C00A26826A5D00B66E02 /* Main.storyboard */ = {
			isa = PBXVariantGroup;
			children = (
				1310C00B26826A5D00B66E02 /* Base */,
			);
			name = Main.storyboard;
			sourceTree = "<group>";
		};
		1310C00F26826A5E00B66E02 /* LaunchScreen.storyboard */ = {
			isa = PBXVariantGroup;
			children = (
				1310C01026826A5E00B66E02 /* Base */,
			);
			name = LaunchScreen.storyboard;
			sourceTree = "<group>";
		};
/* End PBXVariantGroup section */

/* Begin XCBuildConfiguration section */
		1310C02B26826A5F00B66E02 /* Debug */ = {
			isa = XCBuildConfiguration;
			buildSettings = {
				ALWAYS_SEARCH_USER_PATHS = NO;
				CLANG_ANALYZER_NONNULL = YES;
				CLANG_ANALYZER_NUMBER_OBJECT_CONVERSION = YES_AGGRESSIVE;
				CLANG_CXX_LANGUAGE_STANDARD = "gnu++14";
				CLANG_CXX_LIBRARY = "libc++";
				CLANG_ENABLE_MODULES = YES;
				CLANG_ENABLE_OBJC_ARC = YES;
				CLANG_ENABLE_OBJC_WEAK = YES;
				CLANG_WARN_BLOCK_CAPTURE_AUTORELEASING = YES;
				CLANG_WARN_BOOL_CONVERSION = YES;
				CLANG_WARN_COMMA = YES;
				CLANG_WARN_CONSTANT_CONVERSION = YES;
				CLANG_WARN_DEPRECATED_OBJC_IMPLEMENTATIONS = YES;
				CLANG_WARN_DIRECT_OBJC_ISA_USAGE = YES_ERROR;
				CLANG_WARN_DOCUMENTATION_COMMENTS = YES;
				CLANG_WARN_EMPTY_BODY = YES;
				CLANG_WARN_ENUM_CONVERSION = YES;
				CLANG_WARN_INFINITE_RECURSION = YES;
				CLANG_WARN_INT_CONVERSION = YES;
				CLANG_WARN_NON_LITERAL_NULL_CONVERSION = YES;
				CLANG_WARN_OBJC_IMPLICIT_RETAIN_SELF = YES;
				CLANG_WARN_OBJC_LITERAL_CONVERSION = YES;
				CLANG_WARN_OBJC_ROOT_CLASS = YES_ERROR;
				CLANG_WARN_QUOTED_INCLUDE_IN_FRAMEWORK_HEADER = YES;
				CLANG_WARN_RANGE_LOOP_ANALYSIS = YES;
				CLANG_WARN_STRICT_PROTOTYPES = YES;
				CLANG_WARN_SUSPICIOUS_MOVE = YES;
				CLANG_WARN_UNGUARDED_AVAILABILITY = YES_AGGRESSIVE;
				CLANG_WARN_UNREACHABLE_CODE = YES;
				CLANG_WARN__DUPLICATE_METHOD_MATCH = YES;
				COPY_PHASE_STRIP = NO;
				DEBUG_INFORMATION_FORMAT = dwarf;
				ENABLE_STRICT_OBJC_MSGSEND = YES;
				ENABLE_TESTABILITY = YES;
				GCC_C_LANGUAGE_STANDARD = gnu11;
				GCC_DYNAMIC_NO_PIC = NO;
				GCC_NO_COMMON_BLOCKS = YES;
				GCC_OPTIMIZATION_LEVEL = 0;
				GCC_PREPROCESSOR_DEFINITIONS = (
					"DEBUG=1",
					"$(inherited)",
				);
				GCC_WARN_64_TO_32_BIT_CONVERSION = YES;
				GCC_WARN_ABOUT_RETURN_TYPE = YES_ERROR;
				GCC_WARN_UNDECLARED_SELECTOR = YES;
				GCC_WARN_UNINITIALIZED_AUTOS = YES_AGGRESSIVE;
				GCC_WARN_UNUSED_FUNCTION = YES;
				GCC_WARN_UNUSED_VARIABLE = YES;
				IPHONEOS_DEPLOYMENT_TARGET = 14.5;
				MTL_ENABLE_DEBUG_INFO = INCLUDE_SOURCE;
				MTL_FAST_MATH = YES;
				ONLY_ACTIVE_ARCH = YES;
				SDKROOT = iphoneos;
			};
			name = Debug;
		};
		1310C02C26826A5F00B66E02 /* Release */ = {
			isa = XCBuildConfiguration;
			buildSettings = {
				ALWAYS_SEARCH_USER_PATHS = NO;
				CLANG_ANALYZER_NONNULL = YES;
				CLANG_ANALYZER_NUMBER_OBJECT_CONVERSION = YES_AGGRESSIVE;
				CLANG_CXX_LANGUAGE_STANDARD = "gnu++14";
				CLANG_CXX_LIBRARY = "libc++";
				CLANG_ENABLE_MODULES = YES;
				CLANG_ENABLE_OBJC_ARC = YES;
				CLANG_ENABLE_OBJC_WEAK = YES;
				CLANG_WARN_BLOCK_CAPTURE_AUTORELEASING = YES;
				CLANG_WARN_BOOL_CONVERSION = YES;
				CLANG_WARN_COMMA = YES;
				CLANG_WARN_CONSTANT_CONVERSION = YES;
				CLANG_WARN_DEPRECATED_OBJC_IMPLEMENTATIONS = YES;
				CLANG_WARN_DIRECT_OBJC_ISA_USAGE = YES_ERROR;
				CLANG_WARN_DOCUMENTATION_COMMENTS = YES;
				CLANG_WARN_EMPTY_BODY = YES;
				CLANG_WARN_ENUM_CONVERSION = YES;
				CLANG_WARN_INFINITE_RECURSION = YES;
				CLANG_WARN_INT_CONVERSION = YES;
				CLANG_WARN_NON_LITERAL_NULL_CONVERSION = YES;
				CLANG_WARN_OBJC_IMPLICIT_RETAIN_SELF = YES;
				CLANG_WARN_OBJC_LITERAL_CONVERSION = YES;
				CLANG_WARN_OBJC_ROOT_CLASS = YES_ERROR;
				CLANG_WARN_QUOTED_INCLUDE_IN_FRAMEWORK_HEADER = YES;
				CLANG_WARN_RANGE_LOOP_ANALYSIS = YES;
				CLANG_WARN_STRICT_PROTOTYPES = YES;
				CLANG_WARN_SUSPICIOUS_MOVE = YES;
				CLANG_WARN_UNGUARDED_AVAILABILITY = YES_AGGRESSIVE;
				CLANG_WARN_UNREACHABLE_CODE = YES;
				CLANG_WARN__DUPLICATE_METHOD_MATCH = YES;
				COPY_PHASE_STRIP = NO;
				DEBUG_INFORMATION_FORMAT = "dwarf-with-dsym";
				ENABLE_NS_ASSERTIONS = NO;
				ENABLE_STRICT_OBJC_MSGSEND = YES;
				GCC_C_LANGUAGE_STANDARD = gnu11;
				GCC_NO_COMMON_BLOCKS = YES;
				GCC_WARN_64_TO_32_BIT_CONVERSION = YES;
				GCC_WARN_ABOUT_RETURN_TYPE = YES_ERROR;
				GCC_WARN_UNDECLARED_SELECTOR = YES;
				GCC_WARN_UNINITIALIZED_AUTOS = YES_AGGRESSIVE;
				GCC_WARN_UNUSED_FUNCTION = YES;
				GCC_WARN_UNUSED_VARIABLE = YES;
				IPHONEOS_DEPLOYMENT_TARGET = 14.5;
				MTL_ENABLE_DEBUG_INFO = NO;
				MTL_FAST_MATH = YES;
				SDKROOT = iphoneos;
				VALIDATE_PRODUCT = YES;
			};
			name = Release;
		};
		1310C02E26826A5F00B66E02 /* Debug */ = {
			isa = XCBuildConfiguration;
			buildSettings = {
				ASSETCATALOG_COMPILER_APPICON_NAME = AppIcon;
				ASSETCATALOG_COMPILER_GLOBAL_ACCENT_COLOR_NAME = AccentColor;
				CODE_SIGN_STYLE = Automatic;
				DEVELOPMENT_TEAM = 94T6QT5MUW;
				INFOPLIST_FILE = TipTok/Info.plist;
				LD_RUNPATH_SEARCH_PATHS = (
					"$(inherited)",
					"@executable_path/Frameworks",
				);
				PRODUCT_BUNDLE_IDENTIFIER = com.zavien.TipTok;
				PRODUCT_NAME = "$(TARGET_NAME)";
				TARGETED_DEVICE_FAMILY = "1,2";
			};
			name = Debug;
		};
		1310C02F26826A5F00B66E02 /* Release */ = {
			isa = XCBuildConfiguration;
			buildSettings = {
				ASSETCATALOG_COMPILER_APPICON_NAME = AppIcon;
				ASSETCATALOG_COMPILER_GLOBAL_ACCENT_COLOR_NAME = AccentColor;
				CODE_SIGN_STYLE = Automatic;
				DEVELOPMENT_TEAM = 94T6QT5MUW;
				INFOPLIST_FILE = TipTok/Info.plist;
				LD_RUNPATH_SEARCH_PATHS = (
					"$(inherited)",
					"@executable_path/Frameworks",
				);
				PRODUCT_BUNDLE_IDENTIFIER = com.zavien.TipTok;
				PRODUCT_NAME = "$(TARGET_NAME)";
				TARGETED_DEVICE_FAMILY = "1,2";
			};
			name = Release;
		};
		1310C03126826A5F00B66E02 /* Debug */ = {
			isa = XCBuildConfiguration;
			buildSettings = {
				BUNDLE_LOADER = "$(TEST_HOST)";
				CODE_SIGN_STYLE = Automatic;
				DEVELOPMENT_TEAM = 94T6QT5MUW;
				INFOPLIST_FILE = TipTokTests/Info.plist;
				IPHONEOS_DEPLOYMENT_TARGET = 14.5;
				LD_RUNPATH_SEARCH_PATHS = (
					"$(inherited)",
					"@executable_path/Frameworks",
					"@loader_path/Frameworks",
				);
				PRODUCT_BUNDLE_IDENTIFIER = com.zavien.TipTokTests;
				PRODUCT_NAME = "$(TARGET_NAME)";
				TARGETED_DEVICE_FAMILY = "1,2";
				TEST_HOST = "$(BUILT_PRODUCTS_DIR)/TipTok.app/TipTok";
			};
			name = Debug;
		};
		1310C03226826A5F00B66E02 /* Release */ = {
			isa = XCBuildConfiguration;
			buildSettings = {
				BUNDLE_LOADER = "$(TEST_HOST)";
				CODE_SIGN_STYLE = Automatic;
				DEVELOPMENT_TEAM = 94T6QT5MUW;
				INFOPLIST_FILE = TipTokTests/Info.plist;
				IPHONEOS_DEPLOYMENT_TARGET = 14.5;
				LD_RUNPATH_SEARCH_PATHS = (
					"$(inherited)",
					"@executable_path/Frameworks",
					"@loader_path/Frameworks",
				);
				PRODUCT_BUNDLE_IDENTIFIER = com.zavien.TipTokTests;
				PRODUCT_NAME = "$(TARGET_NAME)";
				TARGETED_DEVICE_FAMILY = "1,2";
				TEST_HOST = "$(BUILT_PRODUCTS_DIR)/TipTok.app/TipTok";
			};
			name = Release;
		};
		1310C03426826A5F00B66E02 /* Debug */ = {
			isa = XCBuildConfiguration;
			buildSettings = {
				CODE_SIGN_STYLE = Automatic;
				DEVELOPMENT_TEAM = 94T6QT5MUW;
				INFOPLIST_FILE = TipTokUITests/Info.plist;
				LD_RUNPATH_SEARCH_PATHS = (
					"$(inherited)",
					"@executable_path/Frameworks",
					"@loader_path/Frameworks",
				);
				PRODUCT_BUNDLE_IDENTIFIER = com.zavien.TipTokUITests;
				PRODUCT_NAME = "$(TARGET_NAME)";
				TARGETED_DEVICE_FAMILY = "1,2";
				TEST_TARGET_NAME = TipTok;
			};
			name = Debug;
		};
		1310C03526826A5F00B66E02 /* Release */ = {
			isa = XCBuildConfiguration;
			buildSettings = {
				CODE_SIGN_STYLE = Automatic;
				DEVELOPMENT_TEAM = 94T6QT5MUW;
				INFOPLIST_FILE = TipTokUITests/Info.plist;
				LD_RUNPATH_SEARCH_PATHS = (
					"$(inherited)",
					"@executable_path/Frameworks",
					"@loader_path/Frameworks",
				);
				PRODUCT_BUNDLE_IDENTIFIER = com.zavien.TipTokUITests;
				PRODUCT_NAME = "$(TARGET_NAME)";
				TARGETED_DEVICE_FAMILY = "1,2";
				TEST_TARGET_NAME = TipTok;
			};
			name = Release;
		};
/* End XCBuildConfiguration section */

/* Begin XCConfigurationList section */
		1310BFF926826A5D00B66E02 /* Build configuration list for PBXProject "TipTok" */ = {
			isa = XCConfigurationList;
			buildConfigurations = (
				1310C02B26826A5F00B66E02 /* Debug */,
				1310C02C26826A5F00B66E02 /* Release */,
			);
			defaultConfigurationIsVisible = 0;
			defaultConfigurationName = Release;
		};
		1310C02D26826A5F00B66E02 /* Build configuration list for PBXNativeTarget "TipTok" */ = {
			isa = XCConfigurationList;
			buildConfigurations = (
				1310C02E26826A5F00B66E02 /* Debug */,
				1310C02F26826A5F00B66E02 /* Release */,
			);
			defaultConfigurationIsVisible = 0;
			defaultConfigurationName = Release;
		};
		1310C03026826A5F00B66E02 /* Build configuration list for PBXNativeTarget "TipTokTests" */ = {
			isa = XCConfigurationList;
			buildConfigurations = (
				1310C03126826A5F00B66E02 /* Debug */,
				1310C03226826A5F00B66E02 /* Release */,
			);
			defaultConfigurationIsVisible = 0;
			defaultConfigurationName = Release;
		};
		1310C03326826A5F00B66E02 /* Build configuration list for PBXNativeTarget "TipTokUITests" */ = {
			isa = XCConfigurationList;
			buildConfigurations = (
				1310C03426826A5F00B66E02 /* Debug */,
				1310C03526826A5F00B66E02 /* Release */,
			);
			defaultConfigurationIsVisible = 0;
			defaultConfigurationName = Release;
		};
/* End XCConfigurationList section */
	};
	rootObject = 1310BFF626826A5D00B66E02 /* Project object */;
}
